// !$*UTF8*$!
{
	archiveVersion = 1;
	classes = {
	};
	objectVersion = 50;
	objects = {

/* Begin PBXBuildFile section */
		80D6C0AD23F84D6000FFE768 /* AppDelegate.swift in Sources */ = {isa = PBXBuildFile; fileRef = 80D6C0AC23F84D6000FFE768 /* AppDelegate.swift */; };
		80D6C0AF23F84D6000FFE768 /* SceneDelegate.swift in Sources */ = {isa = PBXBuildFile; fileRef = 80D6C0AE23F84D6000FFE768 /* SceneDelegate.swift */; };
		80D6C0B123F84D6000FFE768 /* ContentView.swift in Sources */ = {isa = PBXBuildFile; fileRef = 80D6C0B023F84D6000FFE768 /* ContentView.swift */; };
		80D6C0B323F84D6100FFE768 /* Assets.xcassets in Resources */ = {isa = PBXBuildFile; fileRef = 80D6C0B223F84D6100FFE768 /* Assets.xcassets */; };
		80D6C0B623F84D6100FFE768 /* Preview Assets.xcassets in Resources */ = {isa = PBXBuildFile; fileRef = 80D6C0B523F84D6100FFE768 /* Preview Assets.xcassets */; };
		80D6C0B923F84D6100FFE768 /* LaunchScreen.storyboard in Resources */ = {isa = PBXBuildFile; fileRef = 80D6C0B723F84D6100FFE768 /* LaunchScreen.storyboard */; };
/* End PBXBuildFile section */

/* Begin PBXFileReference section */
		80D6C0A923F84D6000FFE768 /* alarmApp.swift.app */ = {isa = PBXFileReference; explicitFileType = wrapper.application; includeInIndex = 0; path = alarmApp.swift.app; sourceTree = BUILT_PRODUCTS_DIR; };
		80D6C0AC23F84D6000FFE768 /* AppDelegate.swift */ = {isa = PBXFileReference; lastKnownFileType = sourcecode.swift; path = AppDelegate.swift; sourceTree = "<group>"; };
		80D6C0AE23F84D6000FFE768 /* SceneDelegate.swift */ = {isa = PBXFileReference; lastKnownFileType = sourcecode.swift; path = SceneDelegate.swift; sourceTree = "<group>"; };
		80D6C0B023F84D6000FFE768 /* ContentView.swift */ = {isa = PBXFileReference; lastKnownFileType = sourcecode.swift; path = ContentView.swift; sourceTree = "<group>"; };
		80D6C0B223F84D6100FFE768 /* Assets.xcassets */ = {isa = PBXFileReference; lastKnownFileType = folder.assetcatalog; path = Assets.xcassets; sourceTree = "<group>"; };
		80D6C0B523F84D6100FFE768 /* Preview Assets.xcassets */ = {isa = PBXFileReference; lastKnownFileType = folder.assetcatalog; path = "Preview Assets.xcassets"; sourceTree = "<group>"; };
		80D6C0B823F84D6100FFE768 /* Base */ = {isa = PBXFileReference; lastKnownFileType = file.storyboard; name = Base; path = Base.lproj/LaunchScreen.storyboard; sourceTree = "<group>"; };
		80D6C0BA23F84D6100FFE768 /* Info.plist */ = {isa = PBXFileReference; lastKnownFileType = text.plist.xml; path = Info.plist; sourceTree = "<group>"; };
/* End PBXFileReference section */

/* Begin PBXFrameworksBuildPhase section */
		80D6C0A623F84D6000FFE768 /* Frameworks */ = {
			isa = PBXFrameworksBuildPhase;
			buildActionMask = 2147483647;
			files = (
			);
			runOnlyForDeploymentPostprocessing = 0;
		};
/* End PBXFrameworksBuildPhase section */

/* Begin PBXGroup section */
		80D6C0A023F84D6000FFE768 = {
			isa = PBXGroup;
			children = (
				80D6C0AB23F84D6000FFE768 /* alarmApp.swift */,
				80D6C0AA23F84D6000FFE768 /* Products */,
			);
			sourceTree = "<group>";
		};
		80D6C0AA23F84D6000FFE768 /* Products */ = {
			isa = PBXGroup;
			children = (
				80D6C0A923F84D6000FFE768 /* alarmApp.swift.app */,
			);
			name = Products;
			sourceTree = "<group>";
		};
		80D6C0AB23F84D6000FFE768 /* alarmApp.swift */ = {
			isa = PBXGroup;
			children = (
				80D6C0AC23F84D6000FFE768 /* AppDelegate.swift */,
				80D6C0AE23F84D6000FFE768 /* SceneDelegate.swift */,
				80D6C0B023F84D6000FFE768 /* ContentView.swift */,
				80D6C0B223F84D6100FFE768 /* Assets.xcassets */,
				80D6C0B723F84D6100FFE768 /* LaunchScreen.storyboard */,
				80D6C0BA23F84D6100FFE768 /* Info.plist */,
				80D6C0B423F84D6100FFE768 /* Preview Content */,
			);
			path = alarmApp.swift;
			sourceTree = "<group>";
		};
		80D6C0B423F84D6100FFE768 /* Preview Content */ = {
			isa = PBXGroup;
			children = (
				80D6C0B523F84D6100FFE768 /* Preview Assets.xcassets */,
			);
			path = "Preview Content";
			sourceTree = "<group>";
		};
/* End PBXGroup section */

/* Begin PBXNativeTarget section */
		80D6C0A823F84D6000FFE768 /* alarmApp.swift */ = {
			isa = PBXNativeTarget;
			buildConfigurationList = 80D6C0BD23F84D6100FFE768 /* Build configuration list for PBXNativeTarget "alarmApp.swift" */;
			buildPhases = (
				80D6C0A523F84D6000FFE768 /* Sources */,
				80D6C0A623F84D6000FFE768 /* Frameworks */,
				80D6C0A723F84D6000FFE768 /* Resources */,
			);
			buildRules = (
			);
			dependencies = (
			);
			name = alarmApp.swift;
			productName = alarmApp.swift;
			productReference = 80D6C0A923F84D6000FFE768 /* alarmApp.swift.app */;
			productType = "com.apple.product-type.application";
		};
/* End PBXNativeTarget section */

/* Begin PBXProject section */
		80D6C0A123F84D6000FFE768 /* Project object */ = {
			isa = PBXProject;
			attributes = {
				LastSwiftUpdateCheck = 1130;
				LastUpgradeCheck = 1130;
				ORGANIZATIONNAME = "M&B company";
				TargetAttributes = {
					80D6C0A823F84D6000FFE768 = {
						CreatedOnToolsVersion = 11.3.1;
					};
				};
			};
			buildConfigurationList = 80D6C0A423F84D6000FFE768 /* Build configuration list for PBXProject "alarmApp.swift" */;
			compatibilityVersion = "Xcode 9.3";
			developmentRegion = en;
			hasScannedForEncodings = 0;
			knownRegions = (
				en,
				Base,
			);
			mainGroup = 80D6C0A023F84D6000FFE768;
			productRefGroup = 80D6C0AA23F84D6000FFE768 /* Products */;
			projectDirPath = "";
			projectRoot = "";
			targets = (
				80D6C0A823F84D6000FFE768 /* alarmApp.swift */,
			);
		};
/* End PBXProject section */

/* Begin PBXResourcesBuildPhase section */
		80D6C0A723F84D6000FFE768 /* Resources */ = {
			isa = PBXResourcesBuildPhase;
			buildActionMask = 2147483647;
			files = (
				80D6C0B923F84D6100FFE768 /* LaunchScreen.storyboard in Resources */,
				80D6C0B623F84D6100FFE768 /* Preview Assets.xcassets in Resources */,
				80D6C0B323F84D6100FFE768 /* Assets.xcassets in Resources */,
			);
			runOnlyForDeploymentPostprocessing = 0;
		};
/* End PBXResourcesBuildPhase section */

/* Begin PBXSourcesBuildPhase section */
		80D6C0A523F84D6000FFE768 /* Sources */ = {
			isa = PBXSourcesBuildPhase;
			buildActionMask = 2147483647;
			files = (
				80D6C0AD23F84D6000FFE768 /* AppDelegate.swift in Sources */,
				80D6C0AF23F84D6000FFE768 /* SceneDelegate.swift in Sources */,
				80D6C0B123F84D6000FFE768 /* ContentView.swift in Sources */,
			);
			runOnlyForDeploymentPostprocessing = 0;
		};
/* End PBXSourcesBuildPhase section */

/* Begin PBXVariantGroup section */
		80D6C0B723F84D6100FFE768 /* LaunchScreen.storyboard */ = {
			isa = PBXVariantGroup;
			children = (
				80D6C0B823F84D6100FFE768 /* Base */,
			);
			name = LaunchScreen.storyboard;
			sourceTree = "<group>";
		};
/* End PBXVariantGroup section */

/* Begin XCBuildConfiguration section */
		80D6C0BB23F84D6100FFE768 /* Debug */ = {
			isa = XCBuildConfiguration;
			buildSettings = {
				ALWAYS_SEARCH_USER_PATHS = NO;
				CLANG_ANALYZER_NONNULL = YES;
				CLANG_ANALYZER_NUMBER_OBJECT_CONVERSION = YES_AGGRESSIVE;
				CLANG_CXX_LANGUAGE_STANDARD = "gnu++14";
				CLANG_CXX_LIBRARY = "libc++";
				CLANG_ENABLE_MODULES = YES;
				CLANG_ENABLE_OBJC_ARC = YES;
				CLANG_ENABLE_OBJC_WEAK = YES;
				CLANG_WARN_BLOCK_CAPTURE_AUTORELEASING = YES;
				CLANG_WARN_BOOL_CONVERSION = YES;
				CLANG_WARN_COMMA = YES;
				CLANG_WARN_CONSTANT_CONVERSION = YES;
				CLANG_WARN_DEPRECATED_OBJC_IMPLEMENTATIONS = YES;
				CLANG_WARN_DIRECT_OBJC_ISA_USAGE = YES_ERROR;
				CLANG_WARN_DOCUMENTATION_COMMENTS = YES;
				CLANG_WARN_EMPTY_BODY = YES;
				CLANG_WARN_ENUM_CONVERSION = YES;
				CLANG_WARN_INFINITE_RECURSION = YES;
				CLANG_WARN_INT_CONVERSION = YES;
				CLANG_WARN_NON_LITERAL_NULL_CONVERSION = YES;
				CLANG_WARN_OBJC_IMPLICIT_RETAIN_SELF = YES;
				CLANG_WARN_OBJC_LITERAL_CONVERSION = YES;
				CLANG_WARN_OBJC_ROOT_CLASS = YES_ERROR;
				CLANG_WARN_RANGE_LOOP_ANALYSIS = YES;
				CLANG_WARN_STRICT_PROTOTYPES = YES;
				CLANG_WARN_SUSPICIOUS_MOVE = YES;
				CLANG_WARN_UNGUARDED_AVAILABILITY = YES_AGGRESSIVE;
				CLANG_WARN_UNREACHABLE_CODE = YES;
				CLANG_WARN__DUPLICATE_METHOD_MATCH = YES;
				COPY_PHASE_STRIP = NO;
				DEBUG_INFORMATION_FORMAT = dwarf;
				ENABLE_STRICT_OBJC_MSGSEND = YES;
				ENABLE_TESTABILITY = YES;
				GCC_C_LANGUAGE_STANDARD = gnu11;
				GCC_DYNAMIC_NO_PIC = NO;
				GCC_NO_COMMON_BLOCKS = YES;
				GCC_OPTIMIZATION_LEVEL = 0;
				GCC_PREPROCESSOR_DEFINITIONS = (
					"DEBUG=1",
					"$(inherited)",
				);
				GCC_WARN_64_TO_32_BIT_CONVERSION = YES;
				GCC_WARN_ABOUT_RETURN_TYPE = YES_ERROR;
				GCC_WARN_UNDECLARED_SELECTOR = YES;
				GCC_WARN_UNINITIALIZED_AUTOS = YES_AGGRESSIVE;
				GCC_WARN_UNUSED_FUNCTION = YES;
				GCC_WARN_UNUSED_VARIABLE = YES;
				IPHONEOS_DEPLOYMENT_TARGET = 13.2;
				MTL_ENABLE_DEBUG_INFO = INCLUDE_SOURCE;
				MTL_FAST_MATH = YES;
				ONLY_ACTIVE_ARCH = YES;
				SDKROOT = iphoneos;
				SWIFT_ACTIVE_COMPILATION_CONDITIONS = DEBUG;
				SWIFT_OPTIMIZATION_LEVEL = "-Onone";
			};
			name = Debug;
		};
		80D6C0BC23F84D6100FFE768 /* Release */ = {
			isa = XCBuildConfiguration;
			buildSettings = {
				ALWAYS_SEARCH_USER_PATHS = NO;
				CLANG_ANALYZER_NONNULL = YES;
				CLANG_ANALYZER_NUMBER_OBJECT_CONVERSION = YES_AGGRESSIVE;
				CLANG_CXX_LANGUAGE_STANDARD = "gnu++14";
				CLANG_CXX_LIBRARY = "libc++";
				CLANG_ENABLE_MODULES = YES;
				CLANG_ENABLE_OBJC_ARC = YES;
				CLANG_ENABLE_OBJC_WEAK = YES;
				CLANG_WARN_BLOCK_CAPTURE_AUTORELEASING = YES;
				CLANG_WARN_BOOL_CONVERSION = YES;
				CLANG_WARN_COMMA = YES;
				CLANG_WARN_CONSTANT_CONVERSION = YES;
				CLANG_WARN_DEPRECATED_OBJC_IMPLEMENTATIONS = YES;
				CLANG_WARN_DIRECT_OBJC_ISA_USAGE = YES_ERROR;
				CLANG_WARN_DOCUMENTATION_COMMENTS = YES;
				CLANG_WARN_EMPTY_BODY = YES;
				CLANG_WARN_ENUM_CONVERSION = YES;
				CLANG_WARN_INFINITE_RECURSION = YES;
				CLANG_WARN_INT_CONVERSION = YES;
				CLANG_WARN_NON_LITERAL_NULL_CONVERSION = YES;
				CLANG_WARN_OBJC_IMPLICIT_RETAIN_SELF = YES;
				CLANG_WARN_OBJC_LITERAL_CONVERSION = YES;
				CLANG_WARN_OBJC_ROOT_CLASS = YES_ERROR;
				CLANG_WARN_RANGE_LOOP_ANALYSIS = YES;
				CLANG_WARN_STRICT_PROTOTYPES = YES;
				CLANG_WARN_SUSPICIOUS_MOVE = YES;
				CLANG_WARN_UNGUARDED_AVAILABILITY = YES_AGGRESSIVE;
				CLANG_WARN_UNREACHABLE_CODE = YES;
				CLANG_WARN__DUPLICATE_METHOD_MATCH = YES;
				COPY_PHASE_STRIP = NO;
				DEBUG_INFORMATION_FORMAT = "dwarf-with-dsym";
				ENABLE_NS_ASSERTIONS = NO;
				ENABLE_STRICT_OBJC_MSGSEND = YES;
				GCC_C_LANGUAGE_STANDARD = gnu11;
				GCC_NO_COMMON_BLOCKS = YES;
				GCC_WARN_64_TO_32_BIT_CONVERSION = YES;
				GCC_WARN_ABOUT_RETURN_TYPE = YES_ERROR;
				GCC_WARN_UNDECLARED_SELECTOR = YES;
				GCC_WARN_UNINITIALIZED_AUTOS = YES_AGGRESSIVE;
				GCC_WARN_UNUSED_FUNCTION = YES;
				GCC_WARN_UNUSED_VARIABLE = YES;
				IPHONEOS_DEPLOYMENT_TARGET = 13.2;
				MTL_ENABLE_DEBUG_INFO = NO;
				MTL_FAST_MATH = YES;
				SDKROOT = iphoneos;
				SWIFT_COMPILATION_MODE = wholemodule;
				SWIFT_OPTIMIZATION_LEVEL = "-O";
				VALIDATE_PRODUCT = YES;
			};
			name = Release;
		};
		80D6C0BE23F84D6100FFE768 /* Debug */ = {
			isa = XCBuildConfiguration;
			buildSettings = {
				ASSETCATALOG_COMPILER_APPICON_NAME = AppIcon;
				CODE_SIGN_STYLE = Automatic;
				DEVELOPMENT_ASSET_PATHS = "\"alarmApp.swift/Preview Content\"";
				DEVELOPMENT_TEAM = 62L279TP7Q;
				ENABLE_PREVIEWS = YES;
				INFOPLIST_FILE = alarmApp.swift/Info.plist;
				LD_RUNPATH_SEARCH_PATHS = (
					"$(inherited)",
					"@executable_path/Frameworks",
				);
				PRODUCT_BUNDLE_IDENTIFIER = "example.com.alarmApp-swift";
				PRODUCT_NAME = "$(TARGET_NAME)";
				SWIFT_VERSION = 5.0;
				TARGETED_DEVICE_FAMILY = "1,2";
			};
			name = Debug;
		};
		80D6C0BF23F84D6100FFE768 /* Release */ = {
			isa = XCBuildConfiguration;
			buildSettings = {
				ASSETCATALOG_COMPILER_APPICON_NAME = AppIcon;
				CODE_SIGN_STYLE = Automatic;
				DEVELOPMENT_ASSET_PATHS = "\"alarmApp.swift/Preview Content\"";
				DEVELOPMENT_TEAM = 62L279TP7Q;
				ENABLE_PREVIEWS = YES;
				INFOPLIST_FILE = alarmApp.swift/Info.plist;
				LD_RUNPATH_SEARCH_PATHS = (
					"$(inherited)",
					"@executable_path/Frameworks",
				);
				PRODUCT_BUNDLE_IDENTIFIER = "example.com.alarmApp-swift";
				PRODUCT_NAME = "$(TARGET_NAME)";
				SWIFT_VERSION = 5.0;
				TARGETED_DEVICE_FAMILY = "1,2";
			};
			name = Release;
		};
/* End XCBuildConfiguration section */

/* Begin XCConfigurationList section */
		80D6C0A423F84D6000FFE768 /* Build configuration list for PBXProject "alarmApp.swift" */ = {
			isa = XCConfigurationList;
			buildConfigurations = (
				80D6C0BB23F84D6100FFE768 /* Debug */,
				80D6C0BC23F84D6100FFE768 /* Release */,
			);
			defaultConfigurationIsVisible = 0;
			defaultConfigurationName = Release;
		};
		80D6C0BD23F84D6100FFE768 /* Build configuration list for PBXNativeTarget "alarmApp.swift" */ = {
			isa = XCConfigurationList;
			buildConfigurations = (
				80D6C0BE23F84D6100FFE768 /* Debug */,
				80D6C0BF23F84D6100FFE768 /* Release */,
			);
			defaultConfigurationIsVisible = 0;
			defaultConfigurationName = Release;
		};
/* End XCConfigurationList section */
	};
	rootObject = 80D6C0A123F84D6000FFE768 /* Project object */;
}
