// !$*UTF8*$!
{
	archiveVersion = 1;
	classes = {
	};
	objectVersion = 50;
	objects = {

/* Begin PBXBuildFile section */
		800B5D1523D1F19E00B3FA91 /* AppDelegate.swift in Sources */ = {isa = PBXBuildFile; fileRef = 800B5D1423D1F19E00B3FA91 /* AppDelegate.swift */; };
		800B5D1723D1F19E00B3FA91 /* SceneDelegate.swift in Sources */ = {isa = PBXBuildFile; fileRef = 800B5D1623D1F19E00B3FA91 /* SceneDelegate.swift */; };
		800B5D1923D1F19E00B3FA91 /* ContentView.swift in Sources */ = {isa = PBXBuildFile; fileRef = 800B5D1823D1F19E00B3FA91 /* ContentView.swift */; };
		800B5D1B23D1F1A500B3FA91 /* Assets.xcassets in Resources */ = {isa = PBXBuildFile; fileRef = 800B5D1A23D1F1A500B3FA91 /* Assets.xcassets */; };
		800B5D1E23D1F1A500B3FA91 /* Preview Assets.xcassets in Resources */ = {isa = PBXBuildFile; fileRef = 800B5D1D23D1F1A500B3FA91 /* Preview Assets.xcassets */; };
		800B5D2123D1F1A500B3FA91 /* LaunchScreen.storyboard in Resources */ = {isa = PBXBuildFile; fileRef = 800B5D1F23D1F1A500B3FA91 /* LaunchScreen.storyboard */; };
		800B5D2A23D2064100B3FA91 /* OrderDetail.swift in Sources */ = {isa = PBXBuildFile; fileRef = 800B5D2923D2064100B3FA91 /* OrderDetail.swift */; };
/* End PBXBuildFile section */

/* Begin PBXFileReference section */
		800B5D1123D1F19E00B3FA91 /* SwiftUI.app */ = {isa = PBXFileReference; explicitFileType = wrapper.application; includeInIndex = 0; path = SwiftUI.app; sourceTree = BUILT_PRODUCTS_DIR; };
		800B5D1423D1F19E00B3FA91 /* AppDelegate.swift */ = {isa = PBXFileReference; lastKnownFileType = sourcecode.swift; path = AppDelegate.swift; sourceTree = "<group>"; };
		800B5D1623D1F19E00B3FA91 /* SceneDelegate.swift */ = {isa = PBXFileReference; lastKnownFileType = sourcecode.swift; path = SceneDelegate.swift; sourceTree = "<group>"; };
		800B5D1823D1F19E00B3FA91 /* ContentView.swift */ = {isa = PBXFileReference; lastKnownFileType = sourcecode.swift; path = ContentView.swift; sourceTree = "<group>"; };
		800B5D1A23D1F1A500B3FA91 /* Assets.xcassets */ = {isa = PBXFileReference; lastKnownFileType = folder.assetcatalog; path = Assets.xcassets; sourceTree = "<group>"; };
		800B5D1D23D1F1A500B3FA91 /* Preview Assets.xcassets */ = {isa = PBXFileReference; lastKnownFileType = folder.assetcatalog; path = "Preview Assets.xcassets"; sourceTree = "<group>"; };
		800B5D2023D1F1A500B3FA91 /* Base */ = {isa = PBXFileReference; lastKnownFileType = file.storyboard; name = Base; path = Base.lproj/LaunchScreen.storyboard; sourceTree = "<group>"; };
		800B5D2223D1F1A500B3FA91 /* Info.plist */ = {isa = PBXFileReference; lastKnownFileType = text.plist.xml; path = Info.plist; sourceTree = "<group>"; };
		800B5D2823D2042E00B3FA91 /* OrderDetail.swift */ = {isa = PBXFileReference; lastKnownFileType = sourcecode.swift; name = OrderDetail.swift; path = "../../../Downloads/swiftui-sample-code2019-11-25/Chapter03/StartingPoint/Tapioca milk tea/Tapioca milk tea/OrderDetail.swift"; sourceTree = "<group>"; };
		800B5D2923D2064100B3FA91 /* OrderDetail.swift */ = {isa = PBXFileReference; lastKnownFileType = sourcecode.swift; path = OrderDetail.swift; sourceTree = "<group>"; };
/* End PBXFileReference section */

/* Begin PBXFrameworksBuildPhase section */
		800B5D0E23D1F19E00B3FA91 /* Frameworks */ = {
			isa = PBXFrameworksBuildPhase;
			buildActionMask = 2147483647;
			files = (
			);
			runOnlyForDeploymentPostprocessing = 0;
		};
/* End PBXFrameworksBuildPhase section */

/* Begin PBXGroup section */
		800B5D0823D1F19D00B3FA91 = {
			isa = PBXGroup;
			children = (
				800B5D2823D2042E00B3FA91 /* OrderDetail.swift */,
				800B5D1323D1F19E00B3FA91 /* Hello World */,
				800B5D1223D1F19E00B3FA91 /* Products */,
			);
			sourceTree = "<group>";
		};
		800B5D1223D1F19E00B3FA91 /* Products */ = {
			isa = PBXGroup;
			children = (
				800B5D1123D1F19E00B3FA91 /* SwiftUI.app */,
			);
			name = Products;
			sourceTree = "<group>";
		};
		800B5D1323D1F19E00B3FA91 /* Hello World */ = {
			isa = PBXGroup;
			children = (
				800B5D2923D2064100B3FA91 /* OrderDetail.swift */,
				800B5D1423D1F19E00B3FA91 /* AppDelegate.swift */,
				800B5D1623D1F19E00B3FA91 /* SceneDelegate.swift */,
				800B5D1823D1F19E00B3FA91 /* ContentView.swift */,
				800B5D1A23D1F1A500B3FA91 /* Assets.xcassets */,
				800B5D1F23D1F1A500B3FA91 /* LaunchScreen.storyboard */,
				800B5D2223D1F1A500B3FA91 /* Info.plist */,
				800B5D1C23D1F1A500B3FA91 /* Preview Content */,
			);
			path = "Hello World";
			sourceTree = "<group>";
		};
		800B5D1C23D1F1A500B3FA91 /* Preview Content */ = {
			isa = PBXGroup;
			children = (
				800B5D1D23D1F1A500B3FA91 /* Preview Assets.xcassets */,
			);
			path = "Preview Content";
			sourceTree = "<group>";
		};
/* End PBXGroup section */

/* Begin PBXNativeTarget section */
		800B5D1023D1F19E00B3FA91 /* Hello World */ = {
			isa = PBXNativeTarget;
			buildConfigurationList = 800B5D2523D1F1A500B3FA91 /* Build configuration list for PBXNativeTarget "Hello World" */;
			buildPhases = (
				800B5D0D23D1F19E00B3FA91 /* Sources */,
				800B5D0E23D1F19E00B3FA91 /* Frameworks */,
				800B5D0F23D1F19E00B3FA91 /* Resources */,
			);
			buildRules = (
			);
			dependencies = (
			);
			name = "Hello World";
			productName = "Hello World";
			productReference = 800B5D1123D1F19E00B3FA91 /* SwiftUI.app */;
			productType = "com.apple.product-type.application";
		};
/* End PBXNativeTarget section */

/* Begin PBXProject section */
		800B5D0923D1F19D00B3FA91 /* Project object */ = {
			isa = PBXProject;
			attributes = {
				LastSwiftUpdateCheck = 1130;
				LastUpgradeCheck = 1130;
				ORGANIZATIONNAME = "M&B company";
				TargetAttributes = {
					800B5D1023D1F19E00B3FA91 = {
						CreatedOnToolsVersion = 11.3;
					};
				};
			};
			buildConfigurationList = 800B5D0C23D1F19D00B3FA91 /* Build configuration list for PBXProject "Hello World" */;
			compatibilityVersion = "Xcode 9.3";
			developmentRegion = en;
			hasScannedForEncodings = 0;
			knownRegions = (
				en,
				Base,
			);
			mainGroup = 800B5D0823D1F19D00B3FA91;
			productRefGroup = 800B5D1223D1F19E00B3FA91 /* Products */;
			projectDirPath = "";
			projectRoot = "";
			targets = (
				800B5D1023D1F19E00B3FA91 /* Hello World */,
			);
		};
/* End PBXProject section */

/* Begin PBXResourcesBuildPhase section */
		800B5D0F23D1F19E00B3FA91 /* Resources */ = {
			isa = PBXResourcesBuildPhase;
			buildActionMask = 2147483647;
			files = (
				800B5D2123D1F1A500B3FA91 /* LaunchScreen.storyboard in Resources */,
				800B5D1E23D1F1A500B3FA91 /* Preview Assets.xcassets in Resources */,
				800B5D1B23D1F1A500B3FA91 /* Assets.xcassets in Resources */,
			);
			runOnlyForDeploymentPostprocessing = 0;
		};
/* End PBXResourcesBuildPhase section */

/* Begin PBXSourcesBuildPhase section */
		800B5D0D23D1F19E00B3FA91 /* Sources */ = {
			isa = PBXSourcesBuildPhase;
			buildActionMask = 2147483647;
			files = (
				800B5D1523D1F19E00B3FA91 /* AppDelegate.swift in Sources */,
				800B5D1723D1F19E00B3FA91 /* SceneDelegate.swift in Sources */,
				800B5D1923D1F19E00B3FA91 /* ContentView.swift in Sources */,
				800B5D2A23D2064100B3FA91 /* OrderDetail.swift in Sources */,
			);
			runOnlyForDeploymentPostprocessing = 0;
		};
/* End PBXSourcesBuildPhase section */

/* Begin PBXVariantGroup section */
		800B5D1F23D1F1A500B3FA91 /* LaunchScreen.storyboard */ = {
			isa = PBXVariantGroup;
			children = (
				800B5D2023D1F1A500B3FA91 /* Base */,
			);
			name = LaunchScreen.storyboard;
			sourceTree = "<group>";
		};
/* End PBXVariantGroup section */

/* Begin XCBuildConfiguration section */
		800B5D2323D1F1A500B3FA91 /* Debug */ = {
			isa = XCBuildConfiguration;
			buildSettings = {
				ALWAYS_SEARCH_USER_PATHS = NO;
				CLANG_ANALYZER_NONNULL = YES;
				CLANG_ANALYZER_NUMBER_OBJECT_CONVERSION = YES_AGGRESSIVE;
				CLANG_CXX_LANGUAGE_STANDARD = "gnu++14";
				CLANG_CXX_LIBRARY = "libc++";
				CLANG_ENABLE_MODULES = YES;
				CLANG_ENABLE_OBJC_ARC = YES;
				CLANG_ENABLE_OBJC_WEAK = YES;
				CLANG_WARN_BLOCK_CAPTURE_AUTORELEASING = YES;
				CLANG_WARN_BOOL_CONVERSION = YES;
				CLANG_WARN_COMMA = YES;
				CLANG_WARN_CONSTANT_CONVERSION = YES;
				CLANG_WARN_DEPRECATED_OBJC_IMPLEMENTATIONS = YES;
				CLANG_WARN_DIRECT_OBJC_ISA_USAGE = YES_ERROR;
				CLANG_WARN_DOCUMENTATION_COMMENTS = YES;
				CLANG_WARN_EMPTY_BODY = YES;
				CLANG_WARN_ENUM_CONVERSION = YES;
				CLANG_WARN_INFINITE_RECURSION = YES;
				CLANG_WARN_INT_CONVERSION = YES;
				CLANG_WARN_NON_LITERAL_NULL_CONVERSION = YES;
				CLANG_WARN_OBJC_IMPLICIT_RETAIN_SELF = YES;
				CLANG_WARN_OBJC_LITERAL_CONVERSION = YES;
				CLANG_WARN_OBJC_ROOT_CLASS = YES_ERROR;
				CLANG_WARN_RANGE_LOOP_ANALYSIS = YES;
				CLANG_WARN_STRICT_PROTOTYPES = YES;
				CLANG_WARN_SUSPICIOUS_MOVE = YES;
				CLANG_WARN_UNGUARDED_AVAILABILITY = YES_AGGRESSIVE;
				CLANG_WARN_UNREACHABLE_CODE = YES;
				CLANG_WARN__DUPLICATE_METHOD_MATCH = YES;
				COPY_PHASE_STRIP = NO;
				DEBUG_INFORMATION_FORMAT = dwarf;
				ENABLE_STRICT_OBJC_MSGSEND = YES;
				ENABLE_TESTABILITY = YES;
				GCC_C_LANGUAGE_STANDARD = gnu11;
				GCC_DYNAMIC_NO_PIC = NO;
				GCC_NO_COMMON_BLOCKS = YES;
				GCC_OPTIMIZATION_LEVEL = 0;
				GCC_PREPROCESSOR_DEFINITIONS = (
					"DEBUG=1",
					"$(inherited)",
				);
				GCC_WARN_64_TO_32_BIT_CONVERSION = YES;
				GCC_WARN_ABOUT_RETURN_TYPE = YES_ERROR;
				GCC_WARN_UNDECLARED_SELECTOR = YES;
				GCC_WARN_UNINITIALIZED_AUTOS = YES_AGGRESSIVE;
				GCC_WARN_UNUSED_FUNCTION = YES;
				GCC_WARN_UNUSED_VARIABLE = YES;
				IPHONEOS_DEPLOYMENT_TARGET = 13.2;
				MTL_ENABLE_DEBUG_INFO = INCLUDE_SOURCE;
				MTL_FAST_MATH = YES;
				ONLY_ACTIVE_ARCH = YES;
				SDKROOT = iphoneos;
				SWIFT_ACTIVE_COMPILATION_CONDITIONS = DEBUG;
				SWIFT_OPTIMIZATION_LEVEL = "-Onone";
			};
			name = Debug;
		};
		800B5D2423D1F1A500B3FA91 /* Release */ = {
			isa = XCBuildConfiguration;
			buildSettings = {
				ALWAYS_SEARCH_USER_PATHS = NO;
				CLANG_ANALYZER_NONNULL = YES;
				CLANG_ANALYZER_NUMBER_OBJECT_CONVERSION = YES_AGGRESSIVE;
				CLANG_CXX_LANGUAGE_STANDARD = "gnu++14";
				CLANG_CXX_LIBRARY = "libc++";
				CLANG_ENABLE_MODULES = YES;
				CLANG_ENABLE_OBJC_ARC = YES;
				CLANG_ENABLE_OBJC_WEAK = YES;
				CLANG_WARN_BLOCK_CAPTURE_AUTORELEASING = YES;
				CLANG_WARN_BOOL_CONVERSION = YES;
				CLANG_WARN_COMMA = YES;
				CLANG_WARN_CONSTANT_CONVERSION = YES;
				CLANG_WARN_DEPRECATED_OBJC_IMPLEMENTATIONS = YES;
				CLANG_WARN_DIRECT_OBJC_ISA_USAGE = YES_ERROR;
				CLANG_WARN_DOCUMENTATION_COMMENTS = YES;
				CLANG_WARN_EMPTY_BODY = YES;
				CLANG_WARN_ENUM_CONVERSION = YES;
				CLANG_WARN_INFINITE_RECURSION = YES;
				CLANG_WARN_INT_CONVERSION = YES;
				CLANG_WARN_NON_LITERAL_NULL_CONVERSION = YES;
				CLANG_WARN_OBJC_IMPLICIT_RETAIN_SELF = YES;
				CLANG_WARN_OBJC_LITERAL_CONVERSION = YES;
				CLANG_WARN_OBJC_ROOT_CLASS = YES_ERROR;
				CLANG_WARN_RANGE_LOOP_ANALYSIS = YES;
				CLANG_WARN_STRICT_PROTOTYPES = YES;
				CLANG_WARN_SUSPICIOUS_MOVE = YES;
				CLANG_WARN_UNGUARDED_AVAILABILITY = YES_AGGRESSIVE;
				CLANG_WARN_UNREACHABLE_CODE = YES;
				CLANG_WARN__DUPLICATE_METHOD_MATCH = YES;
				COPY_PHASE_STRIP = NO;
				DEBUG_INFORMATION_FORMAT = "dwarf-with-dsym";
				ENABLE_NS_ASSERTIONS = NO;
				ENABLE_STRICT_OBJC_MSGSEND = YES;
				GCC_C_LANGUAGE_STANDARD = gnu11;
				GCC_NO_COMMON_BLOCKS = YES;
				GCC_WARN_64_TO_32_BIT_CONVERSION = YES;
				GCC_WARN_ABOUT_RETURN_TYPE = YES_ERROR;
				GCC_WARN_UNDECLARED_SELECTOR = YES;
				GCC_WARN_UNINITIALIZED_AUTOS = YES_AGGRESSIVE;
				GCC_WARN_UNUSED_FUNCTION = YES;
				GCC_WARN_UNUSED_VARIABLE = YES;
				IPHONEOS_DEPLOYMENT_TARGET = 13.2;
				MTL_ENABLE_DEBUG_INFO = NO;
				MTL_FAST_MATH = YES;
				SDKROOT = iphoneos;
				SWIFT_COMPILATION_MODE = wholemodule;
				SWIFT_OPTIMIZATION_LEVEL = "-O";
				VALIDATE_PRODUCT = YES;
			};
			name = Release;
		};
		800B5D2623D1F1A500B3FA91 /* Debug */ = {
			isa = XCBuildConfiguration;
			buildSettings = {
				ASSETCATALOG_COMPILER_APPICON_NAME = AppIcon;
				CODE_SIGN_STYLE = Automatic;
				DEVELOPMENT_ASSET_PATHS = "\"Hello World/Preview Content\"";
				DEVELOPMENT_TEAM = 62L279TP7Q;
				ENABLE_PREVIEWS = YES;
				INFOPLIST_FILE = "Hello World/Info.plist";
				LD_RUNPATH_SEARCH_PATHS = (
					"$(inherited)",
					"@executable_path/Frameworks",
				);
				PRODUCT_BUNDLE_IDENTIFIER = "example.com.Hello-World";
				PRODUCT_NAME = SwiftUI;
				SWIFT_VERSION = 5.0;
				TARGETED_DEVICE_FAMILY = "1,2";
			};
			name = Debug;
		};
		800B5D2723D1F1A500B3FA91 /* Release */ = {
			isa = XCBuildConfiguration;
			buildSettings = {
				ASSETCATALOG_COMPILER_APPICON_NAME = AppIcon;
				CODE_SIGN_STYLE = Automatic;
				DEVELOPMENT_ASSET_PATHS = "\"Hello World/Preview Content\"";
				DEVELOPMENT_TEAM = 62L279TP7Q;
				ENABLE_PREVIEWS = YES;
				INFOPLIST_FILE = "Hello World/Info.plist";
				LD_RUNPATH_SEARCH_PATHS = (
					"$(inherited)",
					"@executable_path/Frameworks",
				);
				PRODUCT_BUNDLE_IDENTIFIER = "example.com.Hello-World";
				PRODUCT_NAME = SwiftUI;
				SWIFT_VERSION = 5.0;
				TARGETED_DEVICE_FAMILY = "1,2";
			};
			name = Release;
		};
/* End XCBuildConfiguration section */

/* Begin XCConfigurationList section */
		800B5D0C23D1F19D00B3FA91 /* Build configuration list for PBXProject "Hello World" */ = {
			isa = XCConfigurationList;
			buildConfigurations = (
				800B5D2323D1F1A500B3FA91 /* Debug */,
				800B5D2423D1F1A500B3FA91 /* Release */,
			);
			defaultConfigurationIsVisible = 0;
			defaultConfigurationName = Release;
		};
		800B5D2523D1F1A500B3FA91 /* Build configuration list for PBXNativeTarget "Hello World" */ = {
			isa = XCConfigurationList;
			buildConfigurations = (
				800B5D2623D1F1A500B3FA91 /* Debug */,
				800B5D2723D1F1A500B3FA91 /* Release */,
			);
			defaultConfigurationIsVisible = 0;
			defaultConfigurationName = Release;
		};
/* End XCConfigurationList section */
	};
	rootObject = 800B5D0923D1F19D00B3FA91 /* Project object */;
}
